
Microsoft Visual Studio Solution File, Format Version 12.00
# Visual Studio Version 16
VisualStudioVersion = 16.0.31321.278
MinimumVisualStudioVersion = 10.0.40219.1
Project("{9A19103F-16F7-4668-BE54-9A1E7A4F7556}") = "TestProject", "TestProject\TestProject.csproj", "{FDFBB0B4-73E4-4A66-9948-CF2F973C4713}"
EndProject
Project("{FAE04EC0-301F-11D3-BF4B-00C04F79EFBC}") = "TestProject.Tests", "TestProject.Tests\TestProject.Tests.csproj", "{6BC310FF-F532-4F8C-8A03-1260A6B9A3F9}"
EndProject
Global
	GlobalSection(SolutionConfigurationPlatforms) = preSolution
		Debug|Any CPU = Debug|Any CPU
		Release|Any CPU = Release|Any CPU
	EndGlobalSection
	GlobalSection(ProjectConfigurationPlatforms) = postSolution
		{FDFBB0B4-73E4-4A66-9948-CF2F973C4713}.Debug|Any CPU.ActiveCfg = Debug|Any CPU
		{FDFBB0B4-73E4-4A66-9948-CF2F973C4713}.Debug|Any CPU.Build.0 = Debug|Any CPU
		{FDFBB0B4-73E4-4A66-9948-CF2F973C4713}.Release|Any CPU.ActiveCfg = Release|Any CPU
		{FDFBB0B4-73E4-4A66-9948-CF2F973C4713}.Release|Any CPU.Build.0 = Release|Any CPU
		{6BC310FF-F532-4F8C-8A03-1260A6B9A3F9}.Debug|Any CPU.ActiveCfg = Debug|Any CPU
		{6BC310FF-F532-4F8C-8A03-1260A6B9A3F9}.Debug|Any CPU.Build.0 = Debug|Any CPU
		{6BC310FF-F532-4F8C-8A03-1260A6B9A3F9}.Release|Any CPU.ActiveCfg = Release|Any CPU
		{6BC310FF-F532-4F8C-8A03-1260A6B9A3F9}.Release|Any CPU.Build.0 = Release|Any CPU
	EndGlobalSection
	GlobalSection(SolutionProperties) = preSolution
		HideSolutionNode = FALSE
	EndGlobalSection
	GlobalSection(ExtensibilityGlobals) = postSolution
		SolutionGuid = {497F2E7D-68B9-4E98-91E3-F0FB3762BA96}
	EndGlobalSection
EndGlobal
